
Microsoft Visual Studio Solution File, Format Version 12.00
# Visual Studio Version 17
VisualStudioVersion = 17.10.35013.160
MinimumVisualStudioVersion = 10.0.40219.1
Project("{FAE04EC0-301F-11D3-BF4B-00C04F79EFBC}") = "ASP.NET", "ASP.NET\ASP.NET.csproj", "{C566470D-FD0B-4865-90EF-9AA31DF7AB13}"
EndProject
Global
	GlobalSection(SolutionConfigurationPlatforms) = preSolution
		Debug|Any CPU = Debug|Any CPU
		Release|Any CPU = Release|Any CPU
	EndGlobalSection
	GlobalSection(ProjectConfigurationPlatforms) = postSolution
		{C566470D-FD0B-4865-90EF-9AA31DF7AB13}.Debug|Any CPU.ActiveCfg = Debug|Any CPU
		{C566470D-FD0B-4865-90EF-9AA31DF7AB13}.Debug|Any CPU.Build.0 = Debug|Any CPU
		{C566470D-FD0B-4865-90EF-9AA31DF7AB13}.Release|Any CPU.ActiveCfg = Release|Any CPU
		{C566470D-FD0B-4865-90EF-9AA31DF7AB13}.Release|Any CPU.Build.0 = Release|Any CPU
	EndGlobalSection
	GlobalSection(SolutionProperties) = preSolution
		HideSolutionNode = FALSE
	EndGlobalSection
	GlobalSection(ExtensibilityGlobals) = postSolution
		SolutionGuid = {2C680B79-01FD-4885-A6E6-E1AE6433A518}
	EndGlobalSection
EndGlobal
