
Microsoft Visual Studio Solution File, Format Version 12.00
# Visual Studio Version 17
VisualStudioVersion = 17.10.35013.160
MinimumVisualStudioVersion = 10.0.40219.1
Project("{FAE04EC0-301F-11D3-BF4B-00C04F79EFBC}") = "6baspacore", "6baspacore\6baspacore.csproj", "{BBB2B4BE-CFDC-477C-A9BA-FD93FF576924}"
EndProject
Global
	GlobalSection(SolutionConfigurationPlatforms) = preSolution
		Debug|Any CPU = Debug|Any CPU
		Release|Any CPU = Release|Any CPU
	EndGlobalSection
	GlobalSection(ProjectConfigurationPlatforms) = postSolution
		{BBB2B4BE-CFDC-477C-A9BA-FD93FF576924}.Debug|Any CPU.ActiveCfg = Debug|Any CPU
		{BBB2B4BE-CFDC-477C-A9BA-FD93FF576924}.Debug|Any CPU.Build.0 = Debug|Any CPU
		{BBB2B4BE-CFDC-477C-A9BA-FD93FF576924}.Release|Any CPU.ActiveCfg = Release|Any CPU
		{BBB2B4BE-CFDC-477C-A9BA-FD93FF576924}.Release|Any CPU.Build.0 = Release|Any CPU
	EndGlobalSection
	GlobalSection(SolutionProperties) = preSolution
		HideSolutionNode = FALSE
	EndGlobalSection
	GlobalSection(ExtensibilityGlobals) = postSolution
		SolutionGuid = {348F921F-021F-47EA-8A3B-EF2534677CA4}
	EndGlobalSection
EndGlobal
